
Microsoft Visual Studio Solution File, Format Version 12.00
# Visual Studio 2012
Project("{FAE04EC0-301F-11D3-BF4B-00C04F79EFBC}") = "ServiceBus.ClientA", "ServiceBus.ClientA\ServiceBus.ClientA.csproj", "{7A8F1063-12F3-4711-B5D8-306955D70F52}"
EndProject
Project("{FAE04EC0-301F-11D3-BF4B-00C04F79EFBC}") = "ServiceBus.Messages", "ServiceBus.Messages\ServiceBus.Messages.csproj", "{DC35196E-390F-4EBE-A297-9325F1F8830A}"
EndProject
Project("{FAE04EC0-301F-11D3-BF4B-00C04F79EFBC}") = "ServiceBus.Server", "ServiceBus.Server\ServiceBus.Server.csproj", "{EB333873-D395-4A0E-AFFC-C76DA14384E8}"
EndProject
Global
	GlobalSection(SolutionConfigurationPlatforms) = preSolution
		Debug|Any CPU = Debug|Any CPU
		Release|Any CPU = Release|Any CPU
	EndGlobalSection
	GlobalSection(ProjectConfigurationPlatforms) = postSolution
		{7A8F1063-12F3-4711-B5D8-306955D70F52}.Debug|Any CPU.ActiveCfg = Debug|Any CPU
		{7A8F1063-12F3-4711-B5D8-306955D70F52}.Debug|Any CPU.Build.0 = Debug|Any CPU
		{7A8F1063-12F3-4711-B5D8-306955D70F52}.Release|Any CPU.ActiveCfg = Release|Any CPU
		{7A8F1063-12F3-4711-B5D8-306955D70F52}.Release|Any CPU.Build.0 = Release|Any CPU
		{DC35196E-390F-4EBE-A297-9325F1F8830A}.Debug|Any CPU.ActiveCfg = Debug|Any CPU
		{DC35196E-390F-4EBE-A297-9325F1F8830A}.Debug|Any CPU.Build.0 = Debug|Any CPU
		{DC35196E-390F-4EBE-A297-9325F1F8830A}.Release|Any CPU.ActiveCfg = Release|Any CPU
		{DC35196E-390F-4EBE-A297-9325F1F8830A}.Release|Any CPU.Build.0 = Release|Any CPU
		{EB333873-D395-4A0E-AFFC-C76DA14384E8}.Debug|Any CPU.ActiveCfg = Debug|Any CPU
		{EB333873-D395-4A0E-AFFC-C76DA14384E8}.Debug|Any CPU.Build.0 = Debug|Any CPU
		{EB333873-D395-4A0E-AFFC-C76DA14384E8}.Release|Any CPU.ActiveCfg = Release|Any CPU
		{EB333873-D395-4A0E-AFFC-C76DA14384E8}.Release|Any CPU.Build.0 = Release|Any CPU
	EndGlobalSection
	GlobalSection(SolutionProperties) = preSolution
		HideSolutionNode = FALSE
	EndGlobalSection
EndGlobal
